
Microsoft Visual Studio Solution File, Format Version 12.00
# Visual Studio Version 17
VisualStudioVersion = 17.0.32002.185
MinimumVisualStudioVersion = 15.0.26124.0
Project("{9A19103F-16F7-4668-BE54-9A1E7A4F7556}") = "BudgetSquirrel.BudgetPlanning.Domain", "BudgetSquirrel.BudgetPlanning\Domain\BudgetSquirrel.BudgetPlanning.Domain.csproj", "{48CDAA33-801C-479D-A8A5-7DF09A3AD436}"
EndProject
Project("{9A19103F-16F7-4668-BE54-9A1E7A4F7556}") = "BudgetSquirrel.Frontend", "BudgetSquirrel.Frontend\BudgetSquirrel.Frontend.csproj", "{060B8BC3-F9DC-44B5-A7DF-966FD8302BBF}"
EndProject
Project("{9A19103F-16F7-4668-BE54-9A1E7A4F7556}") = "BudgetSquirrel.Backend", "BudgetSquirrel.Backend\BudgetSquirrel.Backend.csproj", "{2DC0E11D-C792-4251-AC0B-3012405662E8}"
EndProject
Project("{9A19103F-16F7-4668-BE54-9A1E7A4F7556}") = "BudgetSquirrel.Web.Common", "BudgetSquirrel.Web.Common\BudgetSquirrel.Web.Common.csproj", "{450B2595-5B2A-472B-AEFB-8D61070E1BD6}"
EndProject
Project("{9A19103F-16F7-4668-BE54-9A1E7A4F7556}") = "GateKeeper", "GateKeeper\GateKeeper.csproj", "{3885CA1E-82DF-4A21-B83B-66D9E7499762}"
EndProject
Project("{9A19103F-16F7-4668-BE54-9A1E7A4F7556}") = "BudgetSquirrel.BudgetPlanning.Data", "BudgetSquirrel.BudgetPlanning\Data\BudgetSquirrel.BudgetPlanning.Data.csproj", "{A149C8AC-14DF-4CC5-806B-9A1C7F717DE3}"
EndProject
Project("{9A19103F-16F7-4668-BE54-9A1E7A4F7556}") = "BudgetSquirrel.BudgetPlanning.Business", "BudgetSquirrel.BudgetPlanning\Business\BudgetSquirrel.BudgetPlanning.Business.csproj", "{EBC4D075-EFF3-4D5D-B21B-817D53BCB64D}"
EndProject
Global
	GlobalSection(SolutionConfigurationPlatforms) = preSolution
		Debug|Any CPU = Debug|Any CPU
		Debug|x64 = Debug|x64
		Debug|x86 = Debug|x86
		Release|Any CPU = Release|Any CPU
		Release|x64 = Release|x64
		Release|x86 = Release|x86
	EndGlobalSection
	GlobalSection(ProjectConfigurationPlatforms) = postSolution
		{48CDAA33-801C-479D-A8A5-7DF09A3AD436}.Debug|Any CPU.ActiveCfg = Debug|Any CPU
		{48CDAA33-801C-479D-A8A5-7DF09A3AD436}.Debug|Any CPU.Build.0 = Debug|Any CPU
		{48CDAA33-801C-479D-A8A5-7DF09A3AD436}.Debug|x64.ActiveCfg = Debug|Any CPU
		{48CDAA33-801C-479D-A8A5-7DF09A3AD436}.Debug|x64.Build.0 = Debug|Any CPU
		{48CDAA33-801C-479D-A8A5-7DF09A3AD436}.Debug|x86.ActiveCfg = Debug|Any CPU
		{48CDAA33-801C-479D-A8A5-7DF09A3AD436}.Debug|x86.Build.0 = Debug|Any CPU
		{48CDAA33-801C-479D-A8A5-7DF09A3AD436}.Release|Any CPU.ActiveCfg = Release|Any CPU
		{48CDAA33-801C-479D-A8A5-7DF09A3AD436}.Release|Any CPU.Build.0 = Release|Any CPU
		{48CDAA33-801C-479D-A8A5-7DF09A3AD436}.Release|x64.ActiveCfg = Release|Any CPU
		{48CDAA33-801C-479D-A8A5-7DF09A3AD436}.Release|x64.Build.0 = Release|Any CPU
		{48CDAA33-801C-479D-A8A5-7DF09A3AD436}.Release|x86.ActiveCfg = Release|Any CPU
		{48CDAA33-801C-479D-A8A5-7DF09A3AD436}.Release|x86.Build.0 = Release|Any CPU
		{060B8BC3-F9DC-44B5-A7DF-966FD8302BBF}.Debug|Any CPU.ActiveCfg = Debug|Any CPU
		{060B8BC3-F9DC-44B5-A7DF-966FD8302BBF}.Debug|Any CPU.Build.0 = Debug|Any CPU
		{060B8BC3-F9DC-44B5-A7DF-966FD8302BBF}.Debug|x64.ActiveCfg = Debug|Any CPU
		{060B8BC3-F9DC-44B5-A7DF-966FD8302BBF}.Debug|x64.Build.0 = Debug|Any CPU
		{060B8BC3-F9DC-44B5-A7DF-966FD8302BBF}.Debug|x86.ActiveCfg = Debug|Any CPU
		{060B8BC3-F9DC-44B5-A7DF-966FD8302BBF}.Debug|x86.Build.0 = Debug|Any CPU
		{060B8BC3-F9DC-44B5-A7DF-966FD8302BBF}.Release|Any CPU.ActiveCfg = Release|Any CPU
		{060B8BC3-F9DC-44B5-A7DF-966FD8302BBF}.Release|Any CPU.Build.0 = Release|Any CPU
		{060B8BC3-F9DC-44B5-A7DF-966FD8302BBF}.Release|x64.ActiveCfg = Release|Any CPU
		{060B8BC3-F9DC-44B5-A7DF-966FD8302BBF}.Release|x64.Build.0 = Release|Any CPU
		{060B8BC3-F9DC-44B5-A7DF-966FD8302BBF}.Release|x86.ActiveCfg = Release|Any CPU
		{060B8BC3-F9DC-44B5-A7DF-966FD8302BBF}.Release|x86.Build.0 = Release|Any CPU
		{2DC0E11D-C792-4251-AC0B-3012405662E8}.Debug|Any CPU.ActiveCfg = Debug|Any CPU
		{2DC0E11D-C792-4251-AC0B-3012405662E8}.Debug|Any CPU.Build.0 = Debug|Any CPU
		{2DC0E11D-C792-4251-AC0B-3012405662E8}.Debug|x64.ActiveCfg = Debug|Any CPU
		{2DC0E11D-C792-4251-AC0B-3012405662E8}.Debug|x64.Build.0 = Debug|Any CPU
		{2DC0E11D-C792-4251-AC0B-3012405662E8}.Debug|x86.ActiveCfg = Debug|Any CPU
		{2DC0E11D-C792-4251-AC0B-3012405662E8}.Debug|x86.Build.0 = Debug|Any CPU
		{2DC0E11D-C792-4251-AC0B-3012405662E8}.Release|Any CPU.ActiveCfg = Release|Any CPU
		{2DC0E11D-C792-4251-AC0B-3012405662E8}.Release|Any CPU.Build.0 = Release|Any CPU
		{2DC0E11D-C792-4251-AC0B-3012405662E8}.Release|x64.ActiveCfg = Release|Any CPU
		{2DC0E11D-C792-4251-AC0B-3012405662E8}.Release|x64.Build.0 = Release|Any CPU
		{2DC0E11D-C792-4251-AC0B-3012405662E8}.Release|x86.ActiveCfg = Release|Any CPU
		{2DC0E11D-C792-4251-AC0B-3012405662E8}.Release|x86.Build.0 = Release|Any CPU
		{450B2595-5B2A-472B-AEFB-8D61070E1BD6}.Debug|Any CPU.ActiveCfg = Debug|Any CPU
		{450B2595-5B2A-472B-AEFB-8D61070E1BD6}.Debug|Any CPU.Build.0 = Debug|Any CPU
		{450B2595-5B2A-472B-AEFB-8D61070E1BD6}.Debug|x64.ActiveCfg = Debug|Any CPU
		{450B2595-5B2A-472B-AEFB-8D61070E1BD6}.Debug|x64.Build.0 = Debug|Any CPU
		{450B2595-5B2A-472B-AEFB-8D61070E1BD6}.Debug|x86.ActiveCfg = Debug|Any CPU
		{450B2595-5B2A-472B-AEFB-8D61070E1BD6}.Debug|x86.Build.0 = Debug|Any CPU
		{450B2595-5B2A-472B-AEFB-8D61070E1BD6}.Release|Any CPU.ActiveCfg = Release|Any CPU
		{450B2595-5B2A-472B-AEFB-8D61070E1BD6}.Release|Any CPU.Build.0 = Release|Any CPU
		{450B2595-5B2A-472B-AEFB-8D61070E1BD6}.Release|x64.ActiveCfg = Release|Any CPU
		{450B2595-5B2A-472B-AEFB-8D61070E1BD6}.Release|x64.Build.0 = Release|Any CPU
		{450B2595-5B2A-472B-AEFB-8D61070E1BD6}.Release|x86.ActiveCfg = Release|Any CPU
		{450B2595-5B2A-472B-AEFB-8D61070E1BD6}.Release|x86.Build.0 = Release|Any CPU
		{3885CA1E-82DF-4A21-B83B-66D9E7499762}.Debug|Any CPU.ActiveCfg = Debug|Any CPU
		{3885CA1E-82DF-4A21-B83B-66D9E7499762}.Debug|Any CPU.Build.0 = Debug|Any CPU
		{3885CA1E-82DF-4A21-B83B-66D9E7499762}.Debug|x64.ActiveCfg = Debug|Any CPU
		{3885CA1E-82DF-4A21-B83B-66D9E7499762}.Debug|x64.Build.0 = Debug|Any CPU
		{3885CA1E-82DF-4A21-B83B-66D9E7499762}.Debug|x86.ActiveCfg = Debug|Any CPU
		{3885CA1E-82DF-4A21-B83B-66D9E7499762}.Debug|x86.Build.0 = Debug|Any CPU
		{3885CA1E-82DF-4A21-B83B-66D9E7499762}.Release|Any CPU.ActiveCfg = Release|Any CPU
		{3885CA1E-82DF-4A21-B83B-66D9E7499762}.Release|Any CPU.Build.0 = Release|Any CPU
		{3885CA1E-82DF-4A21-B83B-66D9E7499762}.Release|x64.ActiveCfg = Release|Any CPU
		{3885CA1E-82DF-4A21-B83B-66D9E7499762}.Release|x64.Build.0 = Release|Any CPU
		{3885CA1E-82DF-4A21-B83B-66D9E7499762}.Release|x86.ActiveCfg = Release|Any CPU
		{3885CA1E-82DF-4A21-B83B-66D9E7499762}.Release|x86.Build.0 = Release|Any CPU
		{A149C8AC-14DF-4CC5-806B-9A1C7F717DE3}.Debug|Any CPU.ActiveCfg = Debug|Any CPU
		{A149C8AC-14DF-4CC5-806B-9A1C7F717DE3}.Debug|Any CPU.Build.0 = Debug|Any CPU
		{A149C8AC-14DF-4CC5-806B-9A1C7F717DE3}.Debug|x64.ActiveCfg = Debug|Any CPU
		{A149C8AC-14DF-4CC5-806B-9A1C7F717DE3}.Debug|x64.Build.0 = Debug|Any CPU
		{A149C8AC-14DF-4CC5-806B-9A1C7F717DE3}.Debug|x86.ActiveCfg = Debug|Any CPU
		{A149C8AC-14DF-4CC5-806B-9A1C7F717DE3}.Debug|x86.Build.0 = Debug|Any CPU
		{A149C8AC-14DF-4CC5-806B-9A1C7F717DE3}.Release|Any CPU.ActiveCfg = Release|Any CPU
		{A149C8AC-14DF-4CC5-806B-9A1C7F717DE3}.Release|Any CPU.Build.0 = Release|Any CPU
		{A149C8AC-14DF-4CC5-806B-9A1C7F717DE3}.Release|x64.ActiveCfg = Release|Any CPU
		{A149C8AC-14DF-4CC5-806B-9A1C7F717DE3}.Release|x64.Build.0 = Release|Any CPU
		{A149C8AC-14DF-4CC5-806B-9A1C7F717DE3}.Release|x86.ActiveCfg = Release|Any CPU
		{A149C8AC-14DF-4CC5-806B-9A1C7F717DE3}.Release|x86.Build.0 = Release|Any CPU
		{EBC4D075-EFF3-4D5D-B21B-817D53BCB64D}.Debug|Any CPU.ActiveCfg = Debug|Any CPU
		{EBC4D075-EFF3-4D5D-B21B-817D53BCB64D}.Debug|Any CPU.Build.0 = Debug|Any CPU
		{EBC4D075-EFF3-4D5D-B21B-817D53BCB64D}.Debug|x64.ActiveCfg = Debug|Any CPU
		{EBC4D075-EFF3-4D5D-B21B-817D53BCB64D}.Debug|x64.Build.0 = Debug|Any CPU
		{EBC4D075-EFF3-4D5D-B21B-817D53BCB64D}.Debug|x86.ActiveCfg = Debug|Any CPU
		{EBC4D075-EFF3-4D5D-B21B-817D53BCB64D}.Debug|x86.Build.0 = Debug|Any CPU
		{EBC4D075-EFF3-4D5D-B21B-817D53BCB64D}.Release|Any CPU.ActiveCfg = Release|Any CPU
		{EBC4D075-EFF3-4D5D-B21B-817D53BCB64D}.Release|Any CPU.Build.0 = Release|Any CPU
		{EBC4D075-EFF3-4D5D-B21B-817D53BCB64D}.Release|x64.ActiveCfg = Release|Any CPU
		{EBC4D075-EFF3-4D5D-B21B-817D53BCB64D}.Release|x64.Build.0 = Release|Any CPU
		{EBC4D075-EFF3-4D5D-B21B-817D53BCB64D}.Release|x86.ActiveCfg = Release|Any CPU
		{EBC4D075-EFF3-4D5D-B21B-817D53BCB64D}.Release|x86.Build.0 = Release|Any CPU
	EndGlobalSection
	GlobalSection(SolutionProperties) = preSolution
		HideSolutionNode = FALSE
	EndGlobalSection
	GlobalSection(ExtensibilityGlobals) = postSolution
		SolutionGuid = {DB29E7B8-D653-4F0F-935E-6A3438786C5C}
	EndGlobalSection
EndGlobal
